// !$*UTF8*$!
{
	archiveVersion = 1;
	classes = {
	};
	objectVersion = 46;
	objects = {

/* Begin PBXBuildFile section */
		OBJ_101 /* ObjcDelegateProxy.m in Sources */ = {isa = PBXBuildFile; fileRef = OBJ_38 /* ObjcDelegateProxy.m */; };
		OBJ_62 /* AnimatedAssignSubscriber.swift in Sources */ = {isa = PBXBuildFile; fileRef = OBJ_10 /* AnimatedAssignSubscriber.swift */; };
		OBJ_63 /* CombineControlEvent.swift in Sources */ = {isa = PBXBuildFile; fileRef = OBJ_11 /* CombineControlEvent.swift */; };
		OBJ_64 /* CombineControlProperty.swift in Sources */ = {isa = PBXBuildFile; fileRef = OBJ_12 /* CombineControlProperty.swift */; };
		OBJ_65 /* CombineControlTarget.swift in Sources */ = {isa = PBXBuildFile; fileRef = OBJ_13 /* CombineControlTarget.swift */; };
		OBJ_66 /* NSTextStorage+Combine.swift in Sources */ = {isa = PBXBuildFile; fileRef = OBJ_15 /* NSTextStorage+Combine.swift */; };
		OBJ_67 /* UIBarButtonItem+Combine.swift in Sources */ = {isa = PBXBuildFile; fileRef = OBJ_16 /* UIBarButtonItem+Combine.swift */; };
		OBJ_68 /* UIButton+Combine.swift in Sources */ = {isa = PBXBuildFile; fileRef = OBJ_17 /* UIButton+Combine.swift */; };
		OBJ_69 /* UICollectionView+Combine.swift in Sources */ = {isa = PBXBuildFile; fileRef = OBJ_18 /* UICollectionView+Combine.swift */; };
		OBJ_70 /* UIControl+Combine.swift in Sources */ = {isa = PBXBuildFile; fileRef = OBJ_19 /* UIControl+Combine.swift */; };
		OBJ_71 /* UIDatePicker+Combine.swift in Sources */ = {isa = PBXBuildFile; fileRef = OBJ_20 /* UIDatePicker+Combine.swift */; };
		OBJ_72 /* UIGestureRecognizer+Combine.swift in Sources */ = {isa = PBXBuildFile; fileRef = OBJ_21 /* UIGestureRecognizer+Combine.swift */; };
		OBJ_73 /* UIPageControl+Combine.swift in Sources */ = {isa = PBXBuildFile; fileRef = OBJ_22 /* UIPageControl+Combine.swift */; };
		OBJ_74 /* UIRefreshControl+Combine.swift in Sources */ = {isa = PBXBuildFile; fileRef = OBJ_23 /* UIRefreshControl+Combine.swift */; };
		OBJ_75 /* UIScrollView+Combine.swift in Sources */ = {isa = PBXBuildFile; fileRef = OBJ_24 /* UIScrollView+Combine.swift */; };
		OBJ_76 /* UISearchBar+Combine.swift in Sources */ = {isa = PBXBuildFile; fileRef = OBJ_25 /* UISearchBar+Combine.swift */; };
		OBJ_77 /* UISegmentedControl+Combine.swift in Sources */ = {isa = PBXBuildFile; fileRef = OBJ_26 /* UISegmentedControl+Combine.swift */; };
		OBJ_78 /* UISlider+Combine.swift in Sources */ = {isa = PBXBuildFile; fileRef = OBJ_27 /* UISlider+Combine.swift */; };
		OBJ_79 /* UIStepper+Combine.swift in Sources */ = {isa = PBXBuildFile; fileRef = OBJ_28 /* UIStepper+Combine.swift */; };
		OBJ_80 /* UISwitch+Combine.swift in Sources */ = {isa = PBXBuildFile; fileRef = OBJ_29 /* UISwitch+Combine.swift */; };
		OBJ_81 /* UITableView+Combine.swift in Sources */ = {isa = PBXBuildFile; fileRef = OBJ_30 /* UITableView+Combine.swift */; };
		OBJ_82 /* UITextField+Combine.swift in Sources */ = {isa = PBXBuildFile; fileRef = OBJ_31 /* UITextField+Combine.swift */; };
		OBJ_83 /* UITextView+Combine.swift in Sources */ = {isa = PBXBuildFile; fileRef = OBJ_32 /* UITextView+Combine.swift */; };
		OBJ_84 /* DelegateProxy.swift in Sources */ = {isa = PBXBuildFile; fileRef = OBJ_34 /* DelegateProxy.swift */; };
		OBJ_85 /* DelegateProxyPublisher.swift in Sources */ = {isa = PBXBuildFile; fileRef = OBJ_35 /* DelegateProxyPublisher.swift */; };
		OBJ_86 /* DelegateProxyType.swift in Sources */ = {isa = PBXBuildFile; fileRef = OBJ_36 /* DelegateProxyType.swift */; };
		OBJ_88 /* Runtime.framework in Frameworks */ = {isa = PBXBuildFile; fileRef = "CombineCocoa::Runtime::Product" /* Runtime.framework */; };
		OBJ_96 /* Package.swift in Sources */ = {isa = PBXBuildFile; fileRef = OBJ_6 /* Package.swift */; };
/* End PBXBuildFile section */

/* Begin PBXContainerItemProxy section */
		61B996BE25EA62D200D6F6ED /* PBXContainerItemProxy */ = {
			isa = PBXContainerItemProxy;
			containerPortal = OBJ_1 /* Project object */;
			proxyType = 1;
			remoteGlobalIDString = "CombineCocoa::Runtime";
			remoteInfo = Runtime;
		};
/* End PBXContainerItemProxy section */

/* Begin PBXFileReference section */
		"CombineCocoa::CombineCocoa::Product" /* CombineCocoa.framework */ = {isa = PBXFileReference; explicitFileType = wrapper.framework; path = CombineCocoa.framework; sourceTree = BUILT_PRODUCTS_DIR; };
		"CombineCocoa::Runtime::Product" /* Runtime.framework */ = {isa = PBXFileReference; explicitFileType = wrapper.framework; path = Runtime.framework; sourceTree = BUILT_PRODUCTS_DIR; };
		OBJ_10 /* AnimatedAssignSubscriber.swift */ = {isa = PBXFileReference; lastKnownFileType = sourcecode.swift; path = AnimatedAssignSubscriber.swift; sourceTree = "<group>"; };
		OBJ_11 /* CombineControlEvent.swift */ = {isa = PBXFileReference; lastKnownFileType = sourcecode.swift; path = CombineControlEvent.swift; sourceTree = "<group>"; };
		OBJ_12 /* CombineControlProperty.swift */ = {isa = PBXFileReference; lastKnownFileType = sourcecode.swift; path = CombineControlProperty.swift; sourceTree = "<group>"; };
		OBJ_13 /* CombineControlTarget.swift */ = {isa = PBXFileReference; lastKnownFileType = sourcecode.swift; path = CombineControlTarget.swift; sourceTree = "<group>"; };
		OBJ_15 /* NSTextStorage+Combine.swift */ = {isa = PBXFileReference; lastKnownFileType = sourcecode.swift; path = "NSTextStorage+Combine.swift"; sourceTree = "<group>"; };
		OBJ_16 /* UIBarButtonItem+Combine.swift */ = {isa = PBXFileReference; lastKnownFileType = sourcecode.swift; path = "UIBarButtonItem+Combine.swift"; sourceTree = "<group>"; };
		OBJ_17 /* UIButton+Combine.swift */ = {isa = PBXFileReference; lastKnownFileType = sourcecode.swift; path = "UIButton+Combine.swift"; sourceTree = "<group>"; };
		OBJ_18 /* UICollectionView+Combine.swift */ = {isa = PBXFileReference; lastKnownFileType = sourcecode.swift; path = "UICollectionView+Combine.swift"; sourceTree = "<group>"; };
		OBJ_19 /* UIControl+Combine.swift */ = {isa = PBXFileReference; lastKnownFileType = sourcecode.swift; path = "UIControl+Combine.swift"; sourceTree = "<group>"; };
		OBJ_20 /* UIDatePicker+Combine.swift */ = {isa = PBXFileReference; lastKnownFileType = sourcecode.swift; path = "UIDatePicker+Combine.swift"; sourceTree = "<group>"; };
		OBJ_21 /* UIGestureRecognizer+Combine.swift */ = {isa = PBXFileReference; lastKnownFileType = sourcecode.swift; path = "UIGestureRecognizer+Combine.swift"; sourceTree = "<group>"; };
		OBJ_22 /* UIPageControl+Combine.swift */ = {isa = PBXFileReference; lastKnownFileType = sourcecode.swift; path = "UIPageControl+Combine.swift"; sourceTree = "<group>"; };
		OBJ_23 /* UIRefreshControl+Combine.swift */ = {isa = PBXFileReference; lastKnownFileType = sourcecode.swift; path = "UIRefreshControl+Combine.swift"; sourceTree = "<group>"; };
		OBJ_24 /* UIScrollView+Combine.swift */ = {isa = PBXFileReference; lastKnownFileType = sourcecode.swift; path = "UIScrollView+Combine.swift"; sourceTree = "<group>"; };
		OBJ_25 /* UISearchBar+Combine.swift */ = {isa = PBXFileReference; lastKnownFileType = sourcecode.swift; path = "UISearchBar+Combine.swift"; sourceTree = "<group>"; };
		OBJ_26 /* UISegmentedControl+Combine.swift */ = {isa = PBXFileReference; lastKnownFileType = sourcecode.swift; path = "UISegmentedControl+Combine.swift"; sourceTree = "<group>"; };
		OBJ_27 /* UISlider+Combine.swift */ = {isa = PBXFileReference; lastKnownFileType = sourcecode.swift; path = "UISlider+Combine.swift"; sourceTree = "<group>"; };
		OBJ_28 /* UIStepper+Combine.swift */ = {isa = PBXFileReference; lastKnownFileType = sourcecode.swift; path = "UIStepper+Combine.swift"; sourceTree = "<group>"; };
		OBJ_29 /* UISwitch+Combine.swift */ = {isa = PBXFileReference; lastKnownFileType = sourcecode.swift; path = "UISwitch+Combine.swift"; sourceTree = "<group>"; };
		OBJ_30 /* UITableView+Combine.swift */ = {isa = PBXFileReference; lastKnownFileType = sourcecode.swift; path = "UITableView+Combine.swift"; sourceTree = "<group>"; };
		OBJ_31 /* UITextField+Combine.swift */ = {isa = PBXFileReference; lastKnownFileType = sourcecode.swift; path = "UITextField+Combine.swift"; sourceTree = "<group>"; };
		OBJ_32 /* UITextView+Combine.swift */ = {isa = PBXFileReference; lastKnownFileType = sourcecode.swift; path = "UITextView+Combine.swift"; sourceTree = "<group>"; };
		OBJ_34 /* DelegateProxy.swift */ = {isa = PBXFileReference; lastKnownFileType = sourcecode.swift; path = DelegateProxy.swift; sourceTree = "<group>"; };
		OBJ_35 /* DelegateProxyPublisher.swift */ = {isa = PBXFileReference; lastKnownFileType = sourcecode.swift; path = DelegateProxyPublisher.swift; sourceTree = "<group>"; };
		OBJ_36 /* DelegateProxyType.swift */ = {isa = PBXFileReference; lastKnownFileType = sourcecode.swift; path = DelegateProxyType.swift; sourceTree = "<group>"; };
		OBJ_38 /* ObjcDelegateProxy.m */ = {isa = PBXFileReference; lastKnownFileType = sourcecode.c.objc; path = ObjcDelegateProxy.m; sourceTree = "<group>"; };
		OBJ_40 /* ObjcDelegateProxy.h */ = {isa = PBXFileReference; lastKnownFileType = sourcecode.c.h; path = ObjcDelegateProxy.h; sourceTree = "<group>"; };
		OBJ_41 /* module.modulemap */ = {isa = PBXFileReference; lastKnownFileType = "sourcecode.module-map"; name = module.modulemap; path = /Users/hsncr/Desktop/workspace/CombineCocoa/Sources/Runtime/include/module.modulemap; sourceTree = "<group>"; };
		OBJ_46 /* Example */ = {isa = PBXFileReference; lastKnownFileType = folder; path = Example; sourceTree = SOURCE_ROOT; };
		OBJ_47 /* Resources */ = {isa = PBXFileReference; lastKnownFileType = folder; path = Resources; sourceTree = SOURCE_ROOT; };
		OBJ_48 /* scripts */ = {isa = PBXFileReference; lastKnownFileType = folder; path = scripts; sourceTree = SOURCE_ROOT; };
		OBJ_49 /* CODE_OF_CONDUCT.md */ = {isa = PBXFileReference; lastKnownFileType = net.daringfireball.markdown; path = CODE_OF_CONDUCT.md; sourceTree = "<group>"; };
		OBJ_50 /* codecov.yml */ = {isa = PBXFileReference; lastKnownFileType = text.yaml; path = codecov.yml; sourceTree = "<group>"; };
		OBJ_51 /* LICENSE */ = {isa = PBXFileReference; lastKnownFileType = text; path = LICENSE; sourceTree = "<group>"; };
		OBJ_52 /* Makefile */ = {isa = PBXFileReference; lastKnownFileType = sourcecode.make; path = Makefile; sourceTree = "<group>"; };
		OBJ_53 /* README.md */ = {isa = PBXFileReference; lastKnownFileType = net.daringfireball.markdown; path = README.md; sourceTree = "<group>"; };
		OBJ_54 /* Gemfile */ = {isa = PBXFileReference; lastKnownFileType = text; path = Gemfile; sourceTree = "<group>"; };
		OBJ_55 /* Gemfile.lock */ = {isa = PBXFileReference; lastKnownFileType = text; path = Gemfile.lock; sourceTree = "<group>"; };
		OBJ_56 /* CombineCocoa.podspec */ = {isa = PBXFileReference; lastKnownFileType = text; path = CombineCocoa.podspec; sourceTree = "<group>"; };
		OBJ_6 /* Package.swift */ = {isa = PBXFileReference; explicitFileType = sourcecode.swift; path = Package.swift; sourceTree = "<group>"; };
		OBJ_9 /* CombineCocoa.h */ = {isa = PBXFileReference; lastKnownFileType = sourcecode.c.h; path = CombineCocoa.h; sourceTree = "<group>"; };
/* End PBXFileReference section */

/* Begin PBXFrameworksBuildPhase section */
		OBJ_102 /* Frameworks */ = {
			isa = PBXFrameworksBuildPhase;
			buildActionMask = 0;
			files = (
			);
			runOnlyForDeploymentPostprocessing = 0;
		};
		OBJ_87 /* Frameworks */ = {
			isa = PBXFrameworksBuildPhase;
			buildActionMask = 0;
			files = (
				OBJ_88 /* Runtime.framework in Frameworks */,
			);
			runOnlyForDeploymentPostprocessing = 0;
		};
/* End PBXFrameworksBuildPhase section */

/* Begin PBXGroup section */
		OBJ_14 /* Controls */ = {
			isa = PBXGroup;
			children = (
				OBJ_15 /* NSTextStorage+Combine.swift */,
				OBJ_16 /* UIBarButtonItem+Combine.swift */,
				OBJ_17 /* UIButton+Combine.swift */,
				OBJ_18 /* UICollectionView+Combine.swift */,
				OBJ_19 /* UIControl+Combine.swift */,
				OBJ_20 /* UIDatePicker+Combine.swift */,
				OBJ_21 /* UIGestureRecognizer+Combine.swift */,
				OBJ_22 /* UIPageControl+Combine.swift */,
				OBJ_23 /* UIRefreshControl+Combine.swift */,
				OBJ_24 /* UIScrollView+Combine.swift */,
				OBJ_25 /* UISearchBar+Combine.swift */,
				OBJ_26 /* UISegmentedControl+Combine.swift */,
				OBJ_27 /* UISlider+Combine.swift */,
				OBJ_28 /* UIStepper+Combine.swift */,
				OBJ_29 /* UISwitch+Combine.swift */,
				OBJ_30 /* UITableView+Combine.swift */,
				OBJ_31 /* UITextField+Combine.swift */,
				OBJ_32 /* UITextView+Combine.swift */,
			);
			path = Controls;
			sourceTree = "<group>";
		};
		OBJ_33 /* DelegateProxy */ = {
			isa = PBXGroup;
			children = (
				OBJ_34 /* DelegateProxy.swift */,
				OBJ_35 /* DelegateProxyPublisher.swift */,
				OBJ_36 /* DelegateProxyType.swift */,
			);
			path = DelegateProxy;
			sourceTree = "<group>";
		};
		OBJ_37 /* Runtime */ = {
			isa = PBXGroup;
			children = (
				OBJ_38 /* ObjcDelegateProxy.m */,
				OBJ_39 /* include */,
			);
			name = Runtime;
			path = Sources/Runtime;
			sourceTree = SOURCE_ROOT;
		};
		OBJ_39 /* include */ = {
			isa = PBXGroup;
			children = (
				OBJ_40 /* ObjcDelegateProxy.h */,
				OBJ_41 /* module.modulemap */,
			);
			path = include;
			sourceTree = "<group>";
		};
		OBJ_42 /* Tests */ = {
			isa = PBXGroup;
			children = (
			);
			name = Tests;
			sourceTree = SOURCE_ROOT;
		};
		OBJ_43 /* Products */ = {
			isa = PBXGroup;
			children = (
				"CombineCocoa::Runtime::Product" /* Runtime.framework */,
				"CombineCocoa::CombineCocoa::Product" /* CombineCocoa.framework */,
			);
			name = Products;
			sourceTree = BUILT_PRODUCTS_DIR;
		};
		OBJ_5 = {
			isa = PBXGroup;
			children = (
				OBJ_6 /* Package.swift */,
				OBJ_7 /* Sources */,
				OBJ_42 /* Tests */,
				OBJ_43 /* Products */,
				OBJ_46 /* Example */,
				OBJ_47 /* Resources */,
				OBJ_48 /* scripts */,
				OBJ_49 /* CODE_OF_CONDUCT.md */,
				OBJ_50 /* codecov.yml */,
				OBJ_51 /* LICENSE */,
				OBJ_52 /* Makefile */,
				OBJ_53 /* README.md */,
				OBJ_54 /* Gemfile */,
				OBJ_55 /* Gemfile.lock */,
				OBJ_56 /* CombineCocoa.podspec */,
			);
			sourceTree = "<group>";
		};
		OBJ_7 /* Sources */ = {
			isa = PBXGroup;
			children = (
				OBJ_8 /* CombineCocoa */,
				OBJ_37 /* Runtime */,
			);
			name = Sources;
			sourceTree = SOURCE_ROOT;
		};
		OBJ_8 /* CombineCocoa */ = {
			isa = PBXGroup;
			children = (
				OBJ_9 /* CombineCocoa.h */,
				OBJ_10 /* AnimatedAssignSubscriber.swift */,
				OBJ_11 /* CombineControlEvent.swift */,
				OBJ_12 /* CombineControlProperty.swift */,
				OBJ_13 /* CombineControlTarget.swift */,
				OBJ_14 /* Controls */,
				OBJ_33 /* DelegateProxy */,
			);
			name = CombineCocoa;
			path = Sources/CombineCocoa;
			sourceTree = SOURCE_ROOT;
		};
/* End PBXGroup section */

/* Begin PBXNativeTarget section */
		"CombineCocoa::CombineCocoa" /* CombineCocoa */ = {
			isa = PBXNativeTarget;
			buildConfigurationList = OBJ_58 /* Build configuration list for PBXNativeTarget "CombineCocoa" */;
			buildPhases = (
				OBJ_61 /* Sources */,
				OBJ_87 /* Frameworks */,
			);
			buildRules = (
			);
			dependencies = (
				OBJ_89 /* PBXTargetDependency */,
			);
			name = CombineCocoa;
			productName = CombineCocoa;
			productReference = "CombineCocoa::CombineCocoa::Product" /* CombineCocoa.framework */;
			productType = "com.apple.product-type.framework";
		};
		"CombineCocoa::Runtime" /* Runtime */ = {
			isa = PBXNativeTarget;
			buildConfigurationList = OBJ_97 /* Build configuration list for PBXNativeTarget "Runtime" */;
			buildPhases = (
				OBJ_100 /* Sources */,
				OBJ_102 /* Frameworks */,
			);
			buildRules = (
			);
			dependencies = (
			);
			name = Runtime;
			productName = Runtime;
			productReference = "CombineCocoa::Runtime::Product" /* Runtime.framework */;
			productType = "com.apple.product-type.framework";
		};
		"CombineCocoa::SwiftPMPackageDescription" /* CombineCocoaPackageDescription */ = {
			isa = PBXNativeTarget;
			buildConfigurationList = OBJ_92 /* Build configuration list for PBXNativeTarget "CombineCocoaPackageDescription" */;
			buildPhases = (
				OBJ_95 /* Sources */,
			);
			buildRules = (
			);
			dependencies = (
			);
			name = CombineCocoaPackageDescription;
			productName = CombineCocoaPackageDescription;
			productType = "com.apple.product-type.framework";
		};
/* End PBXNativeTarget section */

/* Begin PBXProject section */
		OBJ_1 /* Project object */ = {
			isa = PBXProject;
			attributes = {
				LastSwiftMigration = 9999;
				LastUpgradeCheck = 9999;
			};
			buildConfigurationList = OBJ_2 /* Build configuration list for PBXProject "CombineCocoa" */;
			compatibilityVersion = "Xcode 3.2";
			developmentRegion = en;
			hasScannedForEncodings = 0;
			knownRegions = (
				en,
			);
			mainGroup = OBJ_5;
			productRefGroup = OBJ_43 /* Products */;
			projectDirPath = "";
			projectRoot = "";
			targets = (
				"CombineCocoa::CombineCocoa" /* CombineCocoa */,
				"CombineCocoa::SwiftPMPackageDescription" /* CombineCocoaPackageDescription */,
				"CombineCocoa::Runtime" /* Runtime */,
			);
		};
/* End PBXProject section */

/* Begin PBXSourcesBuildPhase section */
		OBJ_100 /* Sources */ = {
			isa = PBXSourcesBuildPhase;
			buildActionMask = 0;
			files = (
				OBJ_101 /* ObjcDelegateProxy.m in Sources */,
			);
			runOnlyForDeploymentPostprocessing = 0;
		};
		OBJ_61 /* Sources */ = {
			isa = PBXSourcesBuildPhase;
			buildActionMask = 0;
			files = (
				OBJ_62 /* AnimatedAssignSubscriber.swift in Sources */,
				OBJ_63 /* CombineControlEvent.swift in Sources */,
				OBJ_64 /* CombineControlProperty.swift in Sources */,
				OBJ_65 /* CombineControlTarget.swift in Sources */,
				OBJ_66 /* NSTextStorage+Combine.swift in Sources */,
				OBJ_67 /* UIBarButtonItem+Combine.swift in Sources */,
				OBJ_68 /* UIButton+Combine.swift in Sources */,
				OBJ_69 /* UICollectionView+Combine.swift in Sources */,
				OBJ_70 /* UIControl+Combine.swift in Sources */,
				OBJ_71 /* UIDatePicker+Combine.swift in Sources */,
				OBJ_72 /* UIGestureRecognizer+Combine.swift in Sources */,
				OBJ_73 /* UIPageControl+Combine.swift in Sources */,
				OBJ_74 /* UIRefreshControl+Combine.swift in Sources */,
				OBJ_75 /* UIScrollView+Combine.swift in Sources */,
				OBJ_76 /* UISearchBar+Combine.swift in Sources */,
				OBJ_77 /* UISegmentedControl+Combine.swift in Sources */,
				OBJ_78 /* UISlider+Combine.swift in Sources */,
				OBJ_79 /* UIStepper+Combine.swift in Sources */,
				OBJ_80 /* UISwitch+Combine.swift in Sources */,
				OBJ_81 /* UITableView+Combine.swift in Sources */,
				OBJ_82 /* UITextField+Combine.swift in Sources */,
				OBJ_83 /* UITextView+Combine.swift in Sources */,
				OBJ_84 /* DelegateProxy.swift in Sources */,
				OBJ_85 /* DelegateProxyPublisher.swift in Sources */,
				OBJ_86 /* DelegateProxyType.swift in Sources */,
			);
			runOnlyForDeploymentPostprocessing = 0;
		};
		OBJ_95 /* Sources */ = {
			isa = PBXSourcesBuildPhase;
			buildActionMask = 0;
			files = (
				OBJ_96 /* Package.swift in Sources */,
			);
			runOnlyForDeploymentPostprocessing = 0;
		};
/* End PBXSourcesBuildPhase section */

/* Begin PBXTargetDependency section */
		OBJ_89 /* PBXTargetDependency */ = {
			isa = PBXTargetDependency;
			target = "CombineCocoa::Runtime" /* Runtime */;
			targetProxy = 61B996BE25EA62D200D6F6ED /* PBXContainerItemProxy */;
		};
/* End PBXTargetDependency section */

/* Begin XCBuildConfiguration section */
		OBJ_3 /* Debug */ = {
			isa = XCBuildConfiguration;
			buildSettings = {
				CLANG_ENABLE_OBJC_ARC = YES;
				COMBINE_HIDPI_IMAGES = YES;
				COPY_PHASE_STRIP = NO;
				DEBUG_INFORMATION_FORMAT = dwarf;
				DYLIB_INSTALL_NAME_BASE = "@rpath";
				ENABLE_NS_ASSERTIONS = YES;
				GCC_OPTIMIZATION_LEVEL = 0;
				GCC_PREPROCESSOR_DEFINITIONS = (
					"$(inherited)",
					"SWIFT_PACKAGE=1",
					"DEBUG=1",
				);
				MACOSX_DEPLOYMENT_TARGET = 10.15;
				ONLY_ACTIVE_ARCH = YES;
				OTHER_SWIFT_FLAGS = "$(inherited) -DXcode";
				PRODUCT_NAME = "$(TARGET_NAME)";
				SDKROOT = macosx;
				SUPPORTED_PLATFORMS = "macosx iphoneos iphonesimulator appletvos appletvsimulator watchos watchsimulator";
				SWIFT_ACTIVE_COMPILATION_CONDITIONS = "$(inherited) SWIFT_PACKAGE DEBUG";
				SWIFT_OPTIMIZATION_LEVEL = "-Onone";
				USE_HEADERMAP = NO;
			};
			name = Debug;
		};
		OBJ_4 /* Release */ = {
			isa = XCBuildConfiguration;
			buildSettings = {
				CLANG_ENABLE_OBJC_ARC = YES;
				COMBINE_HIDPI_IMAGES = YES;
				COPY_PHASE_STRIP = YES;
				DEBUG_INFORMATION_FORMAT = "dwarf-with-dsym";
				DYLIB_INSTALL_NAME_BASE = "@rpath";
				GCC_OPTIMIZATION_LEVEL = s;
				GCC_PREPROCESSOR_DEFINITIONS = (
					"$(inherited)",
					"SWIFT_PACKAGE=1",
				);
				MACOSX_DEPLOYMENT_TARGET = 10.15;
				OTHER_SWIFT_FLAGS = "$(inherited) -DXcode";
				PRODUCT_NAME = "$(TARGET_NAME)";
				SDKROOT = macosx;
				SUPPORTED_PLATFORMS = "macosx iphoneos iphonesimulator appletvos appletvsimulator watchos watchsimulator";
				SWIFT_ACTIVE_COMPILATION_CONDITIONS = "$(inherited) SWIFT_PACKAGE";
				SWIFT_OPTIMIZATION_LEVEL = "-Owholemodule";
				USE_HEADERMAP = NO;
			};
			name = Release;
		};
		OBJ_59 /* Debug */ = {
			isa = XCBuildConfiguration;
			buildSettings = {
				ENABLE_TESTABILITY = YES;
				FRAMEWORK_SEARCH_PATHS = (
					"$(inherited)",
					"$(PLATFORM_DIR)/Developer/Library/Frameworks",
				);
				HEADER_SEARCH_PATHS = (
					"$(inherited)",
					"$(SRCROOT)/Sources/Runtime/include",
				);
				INFOPLIST_FILE = CombineCocoa.xcodeproj/CombineCocoa_Info.plist;
				IPHONEOS_DEPLOYMENT_TARGET = 10.0;
				LD_RUNPATH_SEARCH_PATHS = "$(inherited) $(TOOLCHAIN_DIR)/usr/lib/swift/macosx";
				MACOSX_DEPLOYMENT_TARGET = 10.15;
				OTHER_CFLAGS = "$(inherited)";
				OTHER_LDFLAGS = "$(inherited)";
				OTHER_SWIFT_FLAGS = "$(inherited) -Xcc -fmodule-map-file=$(SRCROOT)/Sources/Runtime/include/module.modulemap";
				PRODUCT_BUNDLE_IDENTIFIER = CombineCocoa;
				PRODUCT_MODULE_NAME = "$(TARGET_NAME:c99extidentifier)";
				PRODUCT_NAME = "$(TARGET_NAME:c99extidentifier)";
				SKIP_INSTALL = YES;
				SWIFT_ACTIVE_COMPILATION_CONDITIONS = "$(inherited)";
				SWIFT_INCLUDE_PATHS = "$(SRCROOT)/Sources/Runtime/include";
				SWIFT_VERSION = 5.0;
				TARGET_NAME = CombineCocoa;
				TVOS_DEPLOYMENT_TARGET = 9.0;
				WATCHOS_DEPLOYMENT_TARGET = 2.0;
			};
			name = Debug;
		};
		OBJ_60 /* Release */ = {
			isa = XCBuildConfiguration;
			buildSettings = {
				ENABLE_TESTABILITY = YES;
				FRAMEWORK_SEARCH_PATHS = (
					"$(inherited)",
					"$(PLATFORM_DIR)/Developer/Library/Frameworks",
				);
				HEADER_SEARCH_PATHS = (
					"$(inherited)",
					"$(SRCROOT)/Sources/Runtime/include",
				);
				INFOPLIST_FILE = CombineCocoa.xcodeproj/CombineCocoa_Info.plist;
				IPHONEOS_DEPLOYMENT_TARGET = 10.0;
				LD_RUNPATH_SEARCH_PATHS = "$(inherited) $(TOOLCHAIN_DIR)/usr/lib/swift/macosx";
				MACOSX_DEPLOYMENT_TARGET = 10.15;
				OTHER_CFLAGS = "$(inherited)";
				OTHER_LDFLAGS = "$(inherited)";
				OTHER_SWIFT_FLAGS = "$(inherited) -Xcc -fmodule-map-file=$(SRCROOT)/Sources/Runtime/include/module.modulemap";
				PRODUCT_BUNDLE_IDENTIFIER = CombineCocoa;
				PRODUCT_MODULE_NAME = "$(TARGET_NAME:c99extidentifier)";
				PRODUCT_NAME = "$(TARGET_NAME:c99extidentifier)";
				SKIP_INSTALL = YES;
				SWIFT_ACTIVE_COMPILATION_CONDITIONS = "$(inherited)";
				SWIFT_INCLUDE_PATHS = "$(SRCROOT)/Sources/Runtime/include";
				SWIFT_VERSION = 5.0;
				TARGET_NAME = CombineCocoa;
				TVOS_DEPLOYMENT_TARGET = 9.0;
				WATCHOS_DEPLOYMENT_TARGET = 2.0;
			};
			name = Release;
		};
		OBJ_93 /* Debug */ = {
			isa = XCBuildConfiguration;
			buildSettings = {
				LD = /usr/bin/true;
				MACOSX_DEPLOYMENT_TARGET = 10.15;
				OTHER_SWIFT_FLAGS = "-swift-version 5 -I $(TOOLCHAIN_DIR)/usr/lib/swift/pm/4_2 -sdk /Applications/Xcode.app/Contents/Developer/Platforms/MacOSX.platform/Developer/SDKs/MacOSX11.0.sdk -package-description-version 5.1.0";
				SWIFT_VERSION = 5.0;
			};
			name = Debug;
		};
		OBJ_94 /* Release */ = {
			isa = XCBuildConfiguration;
			buildSettings = {
				LD = /usr/bin/true;
				MACOSX_DEPLOYMENT_TARGET = 10.15;
				OTHER_SWIFT_FLAGS = "-swift-version 5 -I $(TOOLCHAIN_DIR)/usr/lib/swift/pm/4_2 -sdk /Applications/Xcode.app/Contents/Developer/Platforms/MacOSX.platform/Developer/SDKs/MacOSX11.0.sdk -package-description-version 5.1.0";
				SWIFT_VERSION = 5.0;
			};
			name = Release;
		};
		OBJ_98 /* Debug */ = {
			isa = XCBuildConfiguration;
			buildSettings = {
				DEFINES_MODULE = NO;
				ENABLE_TESTABILITY = YES;
				FRAMEWORK_SEARCH_PATHS = (
					"$(inherited)",
					"$(PLATFORM_DIR)/Developer/Library/Frameworks",
				);
				HEADER_SEARCH_PATHS = (
					"$(inherited)",
					"$(SRCROOT)/Sources/Runtime/include",
				);
				INFOPLIST_FILE = CombineCocoa.xcodeproj/Runtime_Info.plist;
				IPHONEOS_DEPLOYMENT_TARGET = 10.0;
				LD_RUNPATH_SEARCH_PATHS = "$(inherited) $(TOOLCHAIN_DIR)/usr/lib/swift/macosx";
				MACOSX_DEPLOYMENT_TARGET = 10.15;
				OTHER_CFLAGS = "$(inherited)";
				OTHER_LDFLAGS = "$(inherited)";
				OTHER_SWIFT_FLAGS = "$(inherited)";
				PRODUCT_BUNDLE_IDENTIFIER = Runtime;
				PRODUCT_MODULE_NAME = "$(TARGET_NAME:c99extidentifier)";
				PRODUCT_NAME = "$(TARGET_NAME:c99extidentifier)";
				SKIP_INSTALL = YES;
				SWIFT_ACTIVE_COMPILATION_CONDITIONS = "$(inherited)";
				TARGET_NAME = Runtime;
				TVOS_DEPLOYMENT_TARGET = 9.0;
				WATCHOS_DEPLOYMENT_TARGET = 2.0;
			};
			name = Debug;
		};
		OBJ_99 /* Release */ = {
			isa = XCBuildConfiguration;
			buildSettings = {
				DEFINES_MODULE = NO;
				ENABLE_TESTABILITY = YES;
				FRAMEWORK_SEARCH_PATHS = (
					"$(inherited)",
					"$(PLATFORM_DIR)/Developer/Library/Frameworks",
				);
				HEADER_SEARCH_PATHS = (
					"$(inherited)",
					"$(SRCROOT)/Sources/Runtime/include",
				);
				INFOPLIST_FILE = CombineCocoa.xcodeproj/Runtime_Info.plist;
				IPHONEOS_DEPLOYMENT_TARGET = 10.0;
				LD_RUNPATH_SEARCH_PATHS = "$(inherited) $(TOOLCHAIN_DIR)/usr/lib/swift/macosx";
				MACOSX_DEPLOYMENT_TARGET = 10.15;
				OTHER_CFLAGS = "$(inherited)";
				OTHER_LDFLAGS = "$(inherited)";
				OTHER_SWIFT_FLAGS = "$(inherited)";
				PRODUCT_BUNDLE_IDENTIFIER = Runtime;
				PRODUCT_MODULE_NAME = "$(TARGET_NAME:c99extidentifier)";
				PRODUCT_NAME = "$(TARGET_NAME:c99extidentifier)";
				SKIP_INSTALL = YES;
				SWIFT_ACTIVE_COMPILATION_CONDITIONS = "$(inherited)";
				TARGET_NAME = Runtime;
				TVOS_DEPLOYMENT_TARGET = 9.0;
				WATCHOS_DEPLOYMENT_TARGET = 2.0;
			};
			name = Release;
		};
/* End XCBuildConfiguration section */

/* Begin XCConfigurationList section */
		OBJ_2 /* Build configuration list for PBXProject "CombineCocoa" */ = {
			isa = XCConfigurationList;
			buildConfigurations = (
				OBJ_3 /* Debug */,
				OBJ_4 /* Release */,
			);
			defaultConfigurationIsVisible = 0;
			defaultConfigurationName = Release;
		};
		OBJ_58 /* Build configuration list for PBXNativeTarget "CombineCocoa" */ = {
			isa = XCConfigurationList;
			buildConfigurations = (
				OBJ_59 /* Debug */,
				OBJ_60 /* Release */,
			);
			defaultConfigurationIsVisible = 0;
			defaultConfigurationName = Release;
		};
		OBJ_92 /* Build configuration list for PBXNativeTarget "CombineCocoaPackageDescription" */ = {
			isa = XCConfigurationList;
			buildConfigurations = (
				OBJ_93 /* Debug */,
				OBJ_94 /* Release */,
			);
			defaultConfigurationIsVisible = 0;
			defaultConfigurationName = Release;
		};
		OBJ_97 /* Build configuration list for PBXNativeTarget "Runtime" */ = {
			isa = XCConfigurationList;
			buildConfigurations = (
				OBJ_98 /* Debug */,
				OBJ_99 /* Release */,
			);
			defaultConfigurationIsVisible = 0;
			defaultConfigurationName = Release;
		};
/* End XCConfigurationList section */
	};
	rootObject = OBJ_1 /* Project object */;
}
