{
  "object": {
    "pins": [
      {
        "package": "CombineCocoa",
        "repositoryURL": "https://github.com/freak4pc/CombineCocoa.git",
        "state": {
          "branch": null,
          "revision": "9856334d0f677695b49c20f172945d5535a54d0f",
          "version": "0.0.1"
        }
      }
    ]
  },
  "version": 1
}
